
Microsoft Visual Studio Solution File, Format Version 12.00
# Visual Studio 15
VisualStudioVersion = 15.0.28307.168
MinimumVisualStudioVersion = 10.0.40219.1
Project("{9A19103F-16F7-4668-BE54-9A1E7A4F7556}") = "NewTemple", "NewTemple\NewTemple.csproj", "{A8EFDCA6-2124-4989-8FA0-61F65EB029EF}"
EndProject
Project("{9A19103F-16F7-4668-BE54-9A1E7A4F7556}") = "Temple2", "Temple2\Temple2.csproj", "{C8B34DA9-41EE-4203-A593-E9BD51F62E4D}"
EndProject
Project("{9A19103F-16F7-4668-BE54-9A1E7A4F7556}") = "SumNumbers", "SumNumbers\SumNumbers.csproj", "{42653A0F-6F34-4771-9B8D-34FE7164CD85}"
EndProject
Project("{FAE04EC0-301F-11D3-BF4B-00C04F79EFBC}") = "RomanNumbers", "RomanNumbers\RomanNumbers.csproj", "{71C29D0D-45AB-4BE5-805B-806931BCCAE8}"
EndProject
Global
	GlobalSection(SolutionConfigurationPlatforms) = preSolution
		Debug|Any CPU = Debug|Any CPU
		Release|Any CPU = Release|Any CPU
	EndGlobalSection
	GlobalSection(ProjectConfigurationPlatforms) = postSolution
		{A8EFDCA6-2124-4989-8FA0-61F65EB029EF}.Debug|Any CPU.ActiveCfg = Debug|Any CPU
		{A8EFDCA6-2124-4989-8FA0-61F65EB029EF}.Debug|Any CPU.Build.0 = Debug|Any CPU
		{A8EFDCA6-2124-4989-8FA0-61F65EB029EF}.Release|Any CPU.ActiveCfg = Release|Any CPU
		{A8EFDCA6-2124-4989-8FA0-61F65EB029EF}.Release|Any CPU.Build.0 = Release|Any CPU
		{C8B34DA9-41EE-4203-A593-E9BD51F62E4D}.Debug|Any CPU.ActiveCfg = Debug|Any CPU
		{C8B34DA9-41EE-4203-A593-E9BD51F62E4D}.Debug|Any CPU.Build.0 = Debug|Any CPU
		{C8B34DA9-41EE-4203-A593-E9BD51F62E4D}.Release|Any CPU.ActiveCfg = Release|Any CPU
		{C8B34DA9-41EE-4203-A593-E9BD51F62E4D}.Release|Any CPU.Build.0 = Release|Any CPU
		{42653A0F-6F34-4771-9B8D-34FE7164CD85}.Debug|Any CPU.ActiveCfg = Debug|Any CPU
		{42653A0F-6F34-4771-9B8D-34FE7164CD85}.Debug|Any CPU.Build.0 = Debug|Any CPU
		{42653A0F-6F34-4771-9B8D-34FE7164CD85}.Release|Any CPU.ActiveCfg = Release|Any CPU
		{42653A0F-6F34-4771-9B8D-34FE7164CD85}.Release|Any CPU.Build.0 = Release|Any CPU
		{71C29D0D-45AB-4BE5-805B-806931BCCAE8}.Debug|Any CPU.ActiveCfg = Debug|Any CPU
		{71C29D0D-45AB-4BE5-805B-806931BCCAE8}.Debug|Any CPU.Build.0 = Debug|Any CPU
		{71C29D0D-45AB-4BE5-805B-806931BCCAE8}.Release|Any CPU.ActiveCfg = Release|Any CPU
		{71C29D0D-45AB-4BE5-805B-806931BCCAE8}.Release|Any CPU.Build.0 = Release|Any CPU
	EndGlobalSection
	GlobalSection(SolutionProperties) = preSolution
		HideSolutionNode = FALSE
	EndGlobalSection
	GlobalSection(ExtensibilityGlobals) = postSolution
		SolutionGuid = {3786EF67-AAB6-4E74-B55D-C655EB1B3251}
	EndGlobalSection
EndGlobal
